// !$*UTF8*$!
{
	archiveVersion = 1;
	classes = {
	};
	objectVersion = 50;
	objects = {

/* Begin PBXBuildFile section */
		84B7291720FD9BA500CA6693 /* TableViewController.swift in Sources */ = {isa = PBXBuildFile; fileRef = 84B7291620FD9BA500CA6693 /* TableViewController.swift */; };
		84B7291920FD9BDC00CA6693 /* ViewController.swift in Sources */ = {isa = PBXBuildFile; fileRef = 84B7291820FD9BDC00CA6693 /* ViewController.swift */; };
		84B7291B20FD9E4300CA6693 /* File.swift in Sources */ = {isa = PBXBuildFile; fileRef = 84B7291A20FD9E4300CA6693 /* File.swift */; };
		84E517D420FC99A10053070B /* AppDelegate.swift in Sources */ = {isa = PBXBuildFile; fileRef = 84E517D320FC99A10053070B /* AppDelegate.swift */; };
		84E517D920FC99A10053070B /* Main.storyboard in Resources */ = {isa = PBXBuildFile; fileRef = 84E517D720FC99A10053070B /* Main.storyboard */; };
		84E517DB20FC99A20053070B /* Assets.xcassets in Resources */ = {isa = PBXBuildFile; fileRef = 84E517DA20FC99A20053070B /* Assets.xcassets */; };
		84E517DE20FC99A20053070B /* LaunchScreen.storyboard in Resources */ = {isa = PBXBuildFile; fileRef = 84E517DC20FC99A20053070B /* LaunchScreen.storyboard */; };
/* End PBXBuildFile section */

/* Begin PBXFileReference section */
		84B7291620FD9BA500CA6693 /* TableViewController.swift */ = {isa = PBXFileReference; lastKnownFileType = sourcecode.swift; path = TableViewController.swift; sourceTree = "<group>"; };
		84B7291820FD9BDC00CA6693 /* ViewController.swift */ = {isa = PBXFileReference; lastKnownFileType = sourcecode.swift; path = ViewController.swift; sourceTree = "<group>"; };
		84B7291A20FD9E4300CA6693 /* File.swift */ = {isa = PBXFileReference; lastKnownFileType = sourcecode.swift; path = File.swift; sourceTree = "<group>"; };
		84E517D020FC99A10053070B /* pasingAndReceiveByDelegate.app */ = {isa = PBXFileReference; explicitFileType = wrapper.application; includeInIndex = 0; path = pasingAndReceiveByDelegate.app; sourceTree = BUILT_PRODUCTS_DIR; };
		84E517D320FC99A10053070B /* AppDelegate.swift */ = {isa = PBXFileReference; lastKnownFileType = sourcecode.swift; path = AppDelegate.swift; sourceTree = "<group>"; };
		84E517D820FC99A10053070B /* Base */ = {isa = PBXFileReference; lastKnownFileType = file.storyboard; name = Base; path = Base.lproj/Main.storyboard; sourceTree = "<group>"; };
		84E517DA20FC99A20053070B /* Assets.xcassets */ = {isa = PBXFileReference; lastKnownFileType = folder.assetcatalog; path = Assets.xcassets; sourceTree = "<group>"; };
		84E517DD20FC99A20053070B /* Base */ = {isa = PBXFileReference; lastKnownFileType = file.storyboard; name = Base; path = Base.lproj/LaunchScreen.storyboard; sourceTree = "<group>"; };
		84E517DF20FC99A20053070B /* Info.plist */ = {isa = PBXFileReference; lastKnownFileType = text.plist.xml; path = Info.plist; sourceTree = "<group>"; };
/* End PBXFileReference section */

/* Begin PBXFrameworksBuildPhase section */
		84E517CD20FC99A10053070B /* Frameworks */ = {
			isa = PBXFrameworksBuildPhase;
			buildActionMask = 2147483647;
			files = (
			);
			runOnlyForDeploymentPostprocessing = 0;
		};
/* End PBXFrameworksBuildPhase section */

/* Begin PBXGroup section */
		84E517C720FC99A10053070B = {
			isa = PBXGroup;
			children = (
				84E517D220FC99A10053070B /* pasingAndReceiveByDelegate */,
				84E517D120FC99A10053070B /* Products */,
			);
			sourceTree = "<group>";
		};
		84E517D120FC99A10053070B /* Products */ = {
			isa = PBXGroup;
			children = (
				84E517D020FC99A10053070B /* pasingAndReceiveByDelegate.app */,
			);
			name = Products;
			sourceTree = "<group>";
		};
		84E517D220FC99A10053070B /* pasingAndReceiveByDelegate */ = {
			isa = PBXGroup;
			children = (
				84E517D320FC99A10053070B /* AppDelegate.swift */,
				84B7291620FD9BA500CA6693 /* TableViewController.swift */,
				84B7291820FD9BDC00CA6693 /* ViewController.swift */,
				84B7291A20FD9E4300CA6693 /* File.swift */,
				84E517D720FC99A10053070B /* Main.storyboard */,
				84E517DA20FC99A20053070B /* Assets.xcassets */,
				84E517DC20FC99A20053070B /* LaunchScreen.storyboard */,
				84E517DF20FC99A20053070B /* Info.plist */,
			);
			path = pasingAndReceiveByDelegate;
			sourceTree = "<group>";
		};
/* End PBXGroup section */

/* Begin PBXNativeTarget section */
		84E517CF20FC99A10053070B /* pasingAndReceiveByDelegate */ = {
			isa = PBXNativeTarget;
			buildConfigurationList = 84E517E220FC99A20053070B /* Build configuration list for PBXNativeTarget "pasingAndReceiveByDelegate" */;
			buildPhases = (
				84E517CC20FC99A10053070B /* Sources */,
				84E517CD20FC99A10053070B /* Frameworks */,
				84E517CE20FC99A10053070B /* Resources */,
			);
			buildRules = (
			);
			dependencies = (
			);
			name = pasingAndReceiveByDelegate;
			productName = pasingAndReceiveByDelegate;
			productReference = 84E517D020FC99A10053070B /* pasingAndReceiveByDelegate.app */;
			productType = "com.apple.product-type.application";
		};
/* End PBXNativeTarget section */

/* Begin PBXProject section */
		84E517C820FC99A10053070B /* Project object */ = {
			isa = PBXProject;
			attributes = {
				LastSwiftUpdateCheck = 0940;
				LastUpgradeCheck = 0940;
				ORGANIZATIONNAME = admin;
				TargetAttributes = {
					84E517CF20FC99A10053070B = {
						CreatedOnToolsVersion = 9.4.1;
					};
				};
			};
			buildConfigurationList = 84E517CB20FC99A10053070B /* Build configuration list for PBXProject "pasingAndReceiveByDelegate" */;
			compatibilityVersion = "Xcode 9.3";
			developmentRegion = en;
			hasScannedForEncodings = 0;
			knownRegions = (
				en,
				Base,
			);
			mainGroup = 84E517C720FC99A10053070B;
			productRefGroup = 84E517D120FC99A10053070B /* Products */;
			projectDirPath = "";
			projectRoot = "";
			targets = (
				84E517CF20FC99A10053070B /* pasingAndReceiveByDelegate */,
			);
		};
/* End PBXProject section */

/* Begin PBXResourcesBuildPhase section */
		84E517CE20FC99A10053070B /* Resources */ = {
			isa = PBXResourcesBuildPhase;
			buildActionMask = 2147483647;
			files = (
				84E517DE20FC99A20053070B /* LaunchScreen.storyboard in Resources */,
				84E517DB20FC99A20053070B /* Assets.xcassets in Resources */,
				84E517D920FC99A10053070B /* Main.storyboard in Resources */,
			);
			runOnlyForDeploymentPostprocessing = 0;
		};
/* End PBXResourcesBuildPhase section */

/* Begin PBXSourcesBuildPhase section */
		84E517CC20FC99A10053070B /* Sources */ = {
			isa = PBXSourcesBuildPhase;
			buildActionMask = 2147483647;
			files = (
				84B7291920FD9BDC00CA6693 /* ViewController.swift in Sources */,
				84B7291B20FD9E4300CA6693 /* File.swift in Sources */,
				84E517D420FC99A10053070B /* AppDelegate.swift in Sources */,
				84B7291720FD9BA500CA6693 /* TableViewController.swift in Sources */,
			);
			runOnlyForDeploymentPostprocessing = 0;
		};
/* End PBXSourcesBuildPhase section */

/* Begin PBXVariantGroup section */
		84E517D720FC99A10053070B /* Main.storyboard */ = {
			isa = PBXVariantGroup;
			children = (
				84E517D820FC99A10053070B /* Base */,
			);
			name = Main.storyboard;
			sourceTree = "<group>";
		};
		84E517DC20FC99A20053070B /* LaunchScreen.storyboard */ = {
			isa = PBXVariantGroup;
			children = (
				84E517DD20FC99A20053070B /* Base */,
			);
			name = LaunchScreen.storyboard;
			sourceTree = "<group>";
		};
/* End PBXVariantGroup section */

/* Begin XCBuildConfiguration section */
		84E517E020FC99A20053070B /* Debug */ = {
			isa = XCBuildConfiguration;
			buildSettings = {
				ALWAYS_SEARCH_USER_PATHS = NO;
				CLANG_ANALYZER_NONNULL = YES;
				CLANG_ANALYZER_NUMBER_OBJECT_CONVERSION = YES_AGGRESSIVE;
				CLANG_CXX_LANGUAGE_STANDARD = "gnu++14";
				CLANG_CXX_LIBRARY = "libc++";
				CLANG_ENABLE_MODULES = YES;
				CLANG_ENABLE_OBJC_ARC = YES;
				CLANG_ENABLE_OBJC_WEAK = YES;
				CLANG_WARN_BLOCK_CAPTURE_AUTORELEASING = YES;
				CLANG_WARN_BOOL_CONVERSION = YES;
				CLANG_WARN_COMMA = YES;
				CLANG_WARN_CONSTANT_CONVERSION = YES;
				CLANG_WARN_DEPRECATED_OBJC_IMPLEMENTATIONS = YES;
				CLANG_WARN_DIRECT_OBJC_ISA_USAGE = YES_ERROR;
				CLANG_WARN_DOCUMENTATION_COMMENTS = YES;
				CLANG_WARN_EMPTY_BODY = YES;
				CLANG_WARN_ENUM_CONVERSION = YES;
				CLANG_WARN_INFINITE_RECURSION = YES;
				CLANG_WARN_INT_CONVERSION = YES;
				CLANG_WARN_NON_LITERAL_NULL_CONVERSION = YES;
				CLANG_WARN_OBJC_IMPLICIT_RETAIN_SELF = YES;
				CLANG_WARN_OBJC_LITERAL_CONVERSION = YES;
				CLANG_WARN_OBJC_ROOT_CLASS = YES_ERROR;
				CLANG_WARN_RANGE_LOOP_ANALYSIS = YES;
				CLANG_WARN_STRICT_PROTOTYPES = YES;
				CLANG_WARN_SUSPICIOUS_MOVE = YES;
				CLANG_WARN_UNGUARDED_AVAILABILITY = YES_AGGRESSIVE;
				CLANG_WARN_UNREACHABLE_CODE = YES;
				CLANG_WARN__DUPLICATE_METHOD_MATCH = YES;
				CODE_SIGN_IDENTITY = "iPhone Developer";
				COPY_PHASE_STRIP = NO;
				DEBUG_INFORMATION_FORMAT = dwarf;
				ENABLE_STRICT_OBJC_MSGSEND = YES;
				ENABLE_TESTABILITY = YES;
				GCC_C_LANGUAGE_STANDARD = gnu11;
				GCC_DYNAMIC_NO_PIC = NO;
				GCC_NO_COMMON_BLOCKS = YES;
				GCC_OPTIMIZATION_LEVEL = 0;
				GCC_PREPROCESSOR_DEFINITIONS = (
					"DEBUG=1",
					"$(inherited)",
				);
				GCC_WARN_64_TO_32_BIT_CONVERSION = YES;
				GCC_WARN_ABOUT_RETURN_TYPE = YES_ERROR;
				GCC_WARN_UNDECLARED_SELECTOR = YES;
				GCC_WARN_UNINITIALIZED_AUTOS = YES_AGGRESSIVE;
				GCC_WARN_UNUSED_FUNCTION = YES;
				GCC_WARN_UNUSED_VARIABLE = YES;
				IPHONEOS_DEPLOYMENT_TARGET = 11.4;
				MTL_ENABLE_DEBUG_INFO = YES;
				ONLY_ACTIVE_ARCH = YES;
				SDKROOT = iphoneos;
				SWIFT_ACTIVE_COMPILATION_CONDITIONS = DEBUG;
				SWIFT_OPTIMIZATION_LEVEL = "-Onone";
			};
			name = Debug;
		};
		84E517E120FC99A20053070B /* Release */ = {
			isa = XCBuildConfiguration;
			buildSettings = {
				ALWAYS_SEARCH_USER_PATHS = NO;
				CLANG_ANALYZER_NONNULL = YES;
				CLANG_ANALYZER_NUMBER_OBJECT_CONVERSION = YES_AGGRESSIVE;
				CLANG_CXX_LANGUAGE_STANDARD = "gnu++14";
				CLANG_CXX_LIBRARY = "libc++";
				CLANG_ENABLE_MODULES = YES;
				CLANG_ENABLE_OBJC_ARC = YES;
				CLANG_ENABLE_OBJC_WEAK = YES;
				CLANG_WARN_BLOCK_CAPTURE_AUTORELEASING = YES;
				CLANG_WARN_BOOL_CONVERSION = YES;
				CLANG_WARN_COMMA = YES;
				CLANG_WARN_CONSTANT_CONVERSION = YES;
				CLANG_WARN_DEPRECATED_OBJC_IMPLEMENTATIONS = YES;
				CLANG_WARN_DIRECT_OBJC_ISA_USAGE = YES_ERROR;
				CLANG_WARN_DOCUMENTATION_COMMENTS = YES;
				CLANG_WARN_EMPTY_BODY = YES;
				CLANG_WARN_ENUM_CONVERSION = YES;
				CLANG_WARN_INFINITE_RECURSION = YES;
				CLANG_WARN_INT_CONVERSION = YES;
				CLANG_WARN_NON_LITERAL_NULL_CONVERSION = YES;
				CLANG_WARN_OBJC_IMPLICIT_RETAIN_SELF = YES;
				CLANG_WARN_OBJC_LITERAL_CONVERSION = YES;
				CLANG_WARN_OBJC_ROOT_CLASS = YES_ERROR;
				CLANG_WARN_RANGE_LOOP_ANALYSIS = YES;
				CLANG_WARN_STRICT_PROTOTYPES = YES;
				CLANG_WARN_SUSPICIOUS_MOVE = YES;
				CLANG_WARN_UNGUARDED_AVAILABILITY = YES_AGGRESSIVE;
				CLANG_WARN_UNREACHABLE_CODE = YES;
				CLANG_WARN__DUPLICATE_METHOD_MATCH = YES;
				CODE_SIGN_IDENTITY = "iPhone Developer";
				COPY_PHASE_STRIP = NO;
				DEBUG_INFORMATION_FORMAT = "dwarf-with-dsym";
				ENABLE_NS_ASSERTIONS = NO;
				ENABLE_STRICT_OBJC_MSGSEND = YES;
				GCC_C_LANGUAGE_STANDARD = gnu11;
				GCC_NO_COMMON_BLOCKS = YES;
				GCC_WARN_64_TO_32_BIT_CONVERSION = YES;
				GCC_WARN_ABOUT_RETURN_TYPE = YES_ERROR;
				GCC_WARN_UNDECLARED_SELECTOR = YES;
				GCC_WARN_UNINITIALIZED_AUTOS = YES_AGGRESSIVE;
				GCC_WARN_UNUSED_FUNCTION = YES;
				GCC_WARN_UNUSED_VARIABLE = YES;
				IPHONEOS_DEPLOYMENT_TARGET = 11.4;
				MTL_ENABLE_DEBUG_INFO = NO;
				SDKROOT = iphoneos;
				SWIFT_COMPILATION_MODE = wholemodule;
				SWIFT_OPTIMIZATION_LEVEL = "-O";
				VALIDATE_PRODUCT = YES;
			};
			name = Release;
		};
		84E517E320FC99A20053070B /* Debug */ = {
			isa = XCBuildConfiguration;
			buildSettings = {
				ASSETCATALOG_COMPILER_APPICON_NAME = AppIcon;
				CODE_SIGN_STYLE = Automatic;
				INFOPLIST_FILE = pasingAndReceiveByDelegate/Info.plist;
				LD_RUNPATH_SEARCH_PATHS = (
					"$(inherited)",
					"@executable_path/Frameworks",
				);
				PRODUCT_BUNDLE_IDENTIFIER = com.hongchinh.pasingAndReceiveByDelegate;
				PRODUCT_NAME = "$(TARGET_NAME)";
				SWIFT_VERSION = 4.0;
				TARGETED_DEVICE_FAMILY = "1,2";
			};
			name = Debug;
		};
		84E517E420FC99A20053070B /* Release */ = {
			isa = XCBuildConfiguration;
			buildSettings = {
				ASSETCATALOG_COMPILER_APPICON_NAME = AppIcon;
				CODE_SIGN_STYLE = Automatic;
				INFOPLIST_FILE = pasingAndReceiveByDelegate/Info.plist;
				LD_RUNPATH_SEARCH_PATHS = (
					"$(inherited)",
					"@executable_path/Frameworks",
				);
				PRODUCT_BUNDLE_IDENTIFIER = com.hongchinh.pasingAndReceiveByDelegate;
				PRODUCT_NAME = "$(TARGET_NAME)";
				SWIFT_VERSION = 4.0;
				TARGETED_DEVICE_FAMILY = "1,2";
			};
			name = Release;
		};
/* End XCBuildConfiguration section */

/* Begin XCConfigurationList section */
		84E517CB20FC99A10053070B /* Build configuration list for PBXProject "pasingAndReceiveByDelegate" */ = {
			isa = XCConfigurationList;
			buildConfigurations = (
				84E517E020FC99A20053070B /* Debug */,
				84E517E120FC99A20053070B /* Release */,
			);
			defaultConfigurationIsVisible = 0;
			defaultConfigurationName = Release;
		};
		84E517E220FC99A20053070B /* Build configuration list for PBXNativeTarget "pasingAndReceiveByDelegate" */ = {
			isa = XCConfigurationList;
			buildConfigurations = (
				84E517E320FC99A20053070B /* Debug */,
				84E517E420FC99A20053070B /* Release */,
			);
			defaultConfigurationIsVisible = 0;
			defaultConfigurationName = Release;
		};
/* End XCConfigurationList section */
	};
	rootObject = 84E517C820FC99A10053070B /* Project object */;
}
